// !$*UTF8*$!
{
	archiveVersion = 1;
	classes = {
	};
	objectVersion = 46;
	objects = {

/* Begin PBXBuildFile section */
		5DED3698190F6B270079B937 /* Foundation.framework in Frameworks */ = {isa = PBXBuildFile; fileRef = 5DED3697190F6B270079B937 /* Foundation.framework */; };
		5DED369A190F6B270079B937 /* CoreGraphics.framework in Frameworks */ = {isa = PBXBuildFile; fileRef = 5DED3699190F6B270079B937 /* CoreGraphics.framework */; };
		5DED369C190F6B270079B937 /* UIKit.framework in Frameworks */ = {isa = PBXBuildFile; fileRef = 5DED369B190F6B270079B937 /* UIKit.framework */; };
		5DED36A2190F6B270079B937 /* InfoPlist.strings in Resources */ = {isa = PBXBuildFile; fileRef = 5DED36A0190F6B270079B937 /* InfoPlist.strings */; };
		5DED36A4190F6B270079B937 /* main.m in Sources */ = {isa = PBXBuildFile; fileRef = 5DED36A3190F6B270079B937 /* main.m */; };
		5DED36A8190F6B270079B937 /* AppDelegate.m in Sources */ = {isa = PBXBuildFile; fileRef = 5DED36A7190F6B270079B937 /* AppDelegate.m */; };
		5DED36AB190F6B270079B937 /* Main.storyboard in Resources */ = {isa = PBXBuildFile; fileRef = 5DED36A9190F6B270079B937 /* Main.storyboard */; };
		5DED36AE190F6B270079B937 /* ViewController.m in Sources */ = {isa = PBXBuildFile; fileRef = 5DED36AD190F6B270079B937 /* ViewController.m */; };
		5DED36B0190F6B270079B937 /* Images.xcassets in Resources */ = {isa = PBXBuildFile; fileRef = 5DED36AF190F6B270079B937 /* Images.xcassets */; };
		5DED36B7190F6B270079B937 /* XCTest.framework in Frameworks */ = {isa = PBXBuildFile; fileRef = 5DED36B6190F6B270079B937 /* XCTest.framework */; };
		5DED36B8190F6B270079B937 /* Foundation.framework in Frameworks */ = {isa = PBXBuildFile; fileRef = 5DED3697190F6B270079B937 /* Foundation.framework */; };
		5DED36B9190F6B270079B937 /* UIKit.framework in Frameworks */ = {isa = PBXBuildFile; fileRef = 5DED369B190F6B270079B937 /* UIKit.framework */; };
		5DED36C1190F6B270079B937 /* InfoPlist.strings in Resources */ = {isa = PBXBuildFile; fileRef = 5DED36BF190F6B270079B937 /* InfoPlist.strings */; };
		5DED36C3190F6B270079B937 /* IpadCalculatorTests.m in Sources */ = {isa = PBXBuildFile; fileRef = 5DED36C2190F6B270079B937 /* IpadCalculatorTests.m */; };
		5DED36CE190F79B20079B937 /* calculatorIpad.png in Resources */ = {isa = PBXBuildFile; fileRef = 5DED36CD190F79B20079B937 /* calculatorIpad.png */; };
/* End PBXBuildFile section */

/* Begin PBXContainerItemProxy section */
		5DED36BA190F6B270079B937 /* PBXContainerItemProxy */ = {
			isa = PBXContainerItemProxy;
			containerPortal = 5DED368C190F6B270079B937 /* Project object */;
			proxyType = 1;
			remoteGlobalIDString = 5DED3693190F6B270079B937;
			remoteInfo = IpadCalculator;
		};
/* End PBXContainerItemProxy section */

/* Begin PBXFileReference section */
		5DED3694190F6B270079B937 /* IpadCalculator.app */ = {isa = PBXFileReference; explicitFileType = wrapper.application; includeInIndex = 0; path = IpadCalculator.app; sourceTree = BUILT_PRODUCTS_DIR; };
		5DED3697190F6B270079B937 /* Foundation.framework */ = {isa = PBXFileReference; lastKnownFileType = wrapper.framework; name = Foundation.framework; path = System/Library/Frameworks/Foundation.framework; sourceTree = SDKROOT; };
		5DED3699190F6B270079B937 /* CoreGraphics.framework */ = {isa = PBXFileReference; lastKnownFileType = wrapper.framework; name = CoreGraphics.framework; path = System/Library/Frameworks/CoreGraphics.framework; sourceTree = SDKROOT; };
		5DED369B190F6B270079B937 /* UIKit.framework */ = {isa = PBXFileReference; lastKnownFileType = wrapper.framework; name = UIKit.framework; path = System/Library/Frameworks/UIKit.framework; sourceTree = SDKROOT; };
		5DED369F190F6B270079B937 /* IpadCalculator-Info.plist */ = {isa = PBXFileReference; lastKnownFileType = text.plist.xml; path = "IpadCalculator-Info.plist"; sourceTree = "<group>"; };
		5DED36A1190F6B270079B937 /* en */ = {isa = PBXFileReference; lastKnownFileType = text.plist.strings; name = en; path = en.lproj/InfoPlist.strings; sourceTree = "<group>"; };
		5DED36A3190F6B270079B937 /* main.m */ = {isa = PBXFileReference; lastKnownFileType = sourcecode.c.objc; path = main.m; sourceTree = "<group>"; };
		5DED36A5190F6B270079B937 /* IpadCalculator-Prefix.pch */ = {isa = PBXFileReference; lastKnownFileType = sourcecode.c.h; path = "IpadCalculator-Prefix.pch"; sourceTree = "<group>"; };
		5DED36A6190F6B270079B937 /* AppDelegate.h */ = {isa = PBXFileReference; lastKnownFileType = sourcecode.c.h; path = AppDelegate.h; sourceTree = "<group>"; };
		5DED36A7190F6B270079B937 /* AppDelegate.m */ = {isa = PBXFileReference; lastKnownFileType = sourcecode.c.objc; path = AppDelegate.m; sourceTree = "<group>"; };
		5DED36AA190F6B270079B937 /* Base */ = {isa = PBXFileReference; lastKnownFileType = file.storyboard; name = Base; path = Base.lproj/Main.storyboard; sourceTree = "<group>"; };
		5DED36AC190F6B270079B937 /* ViewController.h */ = {isa = PBXFileReference; lastKnownFileType = sourcecode.c.h; path = ViewController.h; sourceTree = "<group>"; };
		5DED36AD190F6B270079B937 /* ViewController.m */ = {isa = PBXFileReference; lastKnownFileType = sourcecode.c.objc; path = ViewController.m; sourceTree = "<group>"; };
		5DED36AF190F6B270079B937 /* Images.xcassets */ = {isa = PBXFileReference; lastKnownFileType = folder.assetcatalog; path = Images.xcassets; sourceTree = "<group>"; };
		5DED36B5190F6B270079B937 /* IpadCalculatorTests.xctest */ = {isa = PBXFileReference; explicitFileType = wrapper.cfbundle; includeInIndex = 0; path = IpadCalculatorTests.xctest; sourceTree = BUILT_PRODUCTS_DIR; };
		5DED36B6190F6B270079B937 /* XCTest.framework */ = {isa = PBXFileReference; lastKnownFileType = wrapper.framework; name = XCTest.framework; path = Library/Frameworks/XCTest.framework; sourceTree = DEVELOPER_DIR; };
		5DED36BE190F6B270079B937 /* IpadCalculatorTests-Info.plist */ = {isa = PBXFileReference; lastKnownFileType = text.plist.xml; path = "IpadCalculatorTests-Info.plist"; sourceTree = "<group>"; };
		5DED36C0190F6B270079B937 /* en */ = {isa = PBXFileReference; lastKnownFileType = text.plist.strings; name = en; path = en.lproj/InfoPlist.strings; sourceTree = "<group>"; };
		5DED36C2190F6B270079B937 /* IpadCalculatorTests.m */ = {isa = PBXFileReference; lastKnownFileType = sourcecode.c.objc; path = IpadCalculatorTests.m; sourceTree = "<group>"; };
		5DED36CD190F79B20079B937 /* calculatorIpad.png */ = {isa = PBXFileReference; lastKnownFileType = image.png; name = calculatorIpad.png; path = ../../../Pictures/calculatorIpad.png; sourceTree = "<group>"; };
/* End PBXFileReference section */

/* Begin PBXFrameworksBuildPhase section */
		5DED3691190F6B270079B937 /* Frameworks */ = {
			isa = PBXFrameworksBuildPhase;
			buildActionMask = 2147483647;
			files = (
				5DED369A190F6B270079B937 /* CoreGraphics.framework in Frameworks */,
				5DED369C190F6B270079B937 /* UIKit.framework in Frameworks */,
				5DED3698190F6B270079B937 /* Foundation.framework in Frameworks */,
			);
			runOnlyForDeploymentPostprocessing = 0;
		};
		5DED36B2190F6B270079B937 /* Frameworks */ = {
			isa = PBXFrameworksBuildPhase;
			buildActionMask = 2147483647;
			files = (
				5DED36B7190F6B270079B937 /* XCTest.framework in Frameworks */,
				5DED36B9190F6B270079B937 /* UIKit.framework in Frameworks */,
				5DED36B8190F6B270079B937 /* Foundation.framework in Frameworks */,
			);
			runOnlyForDeploymentPostprocessing = 0;
		};
/* End PBXFrameworksBuildPhase section */

/* Begin PBXGroup section */
		5DED368B190F6B270079B937 = {
			isa = PBXGroup;
			children = (
				5DED369D190F6B270079B937 /* IpadCalculator */,
				5DED36BC190F6B270079B937 /* IpadCalculatorTests */,
				5DED3696190F6B270079B937 /* Frameworks */,
				5DED3695190F6B270079B937 /* Products */,
			);
			sourceTree = "<group>";
		};
		5DED3695190F6B270079B937 /* Products */ = {
			isa = PBXGroup;
			children = (
				5DED3694190F6B270079B937 /* IpadCalculator.app */,
				5DED36B5190F6B270079B937 /* IpadCalculatorTests.xctest */,
			);
			name = Products;
			sourceTree = "<group>";
		};
		5DED3696190F6B270079B937 /* Frameworks */ = {
			isa = PBXGroup;
			children = (
				5DED3697190F6B270079B937 /* Foundation.framework */,
				5DED3699190F6B270079B937 /* CoreGraphics.framework */,
				5DED369B190F6B270079B937 /* UIKit.framework */,
				5DED36B6190F6B270079B937 /* XCTest.framework */,
			);
			name = Frameworks;
			sourceTree = "<group>";
		};
		5DED369D190F6B270079B937 /* IpadCalculator */ = {
			isa = PBXGroup;
			children = (
				5DED36CC190F6C4A0079B937 /* Images */,
				5DED36A6190F6B270079B937 /* AppDelegate.h */,
				5DED36A7190F6B270079B937 /* AppDelegate.m */,
				5DED36A9190F6B270079B937 /* Main.storyboard */,
				5DED36AC190F6B270079B937 /* ViewController.h */,
				5DED36AD190F6B270079B937 /* ViewController.m */,
				5DED36AF190F6B270079B937 /* Images.xcassets */,
				5DED369E190F6B270079B937 /* Supporting Files */,
			);
			path = IpadCalculator;
			sourceTree = "<group>";
		};
		5DED369E190F6B270079B937 /* Supporting Files */ = {
			isa = PBXGroup;
			children = (
				5DED369F190F6B270079B937 /* IpadCalculator-Info.plist */,
				5DED36A0190F6B270079B937 /* InfoPlist.strings */,
				5DED36A3190F6B270079B937 /* main.m */,
				5DED36A5190F6B270079B937 /* IpadCalculator-Prefix.pch */,
			);
			name = "Supporting Files";
			sourceTree = "<group>";
		};
		5DED36BC190F6B270079B937 /* IpadCalculatorTests */ = {
			isa = PBXGroup;
			children = (
				5DED36C2190F6B270079B937 /* IpadCalculatorTests.m */,
				5DED36BD190F6B270079B937 /* Supporting Files */,
			);
			path = IpadCalculatorTests;
			sourceTree = "<group>";
		};
		5DED36BD190F6B270079B937 /* Supporting Files */ = {
			isa = PBXGroup;
			children = (
				5DED36BE190F6B270079B937 /* IpadCalculatorTests-Info.plist */,
				5DED36BF190F6B270079B937 /* InfoPlist.strings */,
			);
			name = "Supporting Files";
			sourceTree = "<group>";
		};
		5DED36CC190F6C4A0079B937 /* Images */ = {
			isa = PBXGroup;
			children = (
				5DED36CD190F79B20079B937 /* calculatorIpad.png */,
			);
			name = Images;
			sourceTree = "<group>";
		};
/* End PBXGroup section */

/* Begin PBXNativeTarget section */
		5DED3693190F6B270079B937 /* IpadCalculator */ = {
			isa = PBXNativeTarget;
			buildConfigurationList = 5DED36C6190F6B270079B937 /* Build configuration list for PBXNativeTarget "IpadCalculator" */;
			buildPhases = (
				5DED3690190F6B270079B937 /* Sources */,
				5DED3691190F6B270079B937 /* Frameworks */,
				5DED3692190F6B270079B937 /* Resources */,
			);
			buildRules = (
			);
			dependencies = (
			);
			name = IpadCalculator;
			productName = IpadCalculator;
			productReference = 5DED3694190F6B270079B937 /* IpadCalculator.app */;
			productType = "com.apple.product-type.application";
		};
		5DED36B4190F6B270079B937 /* IpadCalculatorTests */ = {
			isa = PBXNativeTarget;
			buildConfigurationList = 5DED36C9190F6B270079B937 /* Build configuration list for PBXNativeTarget "IpadCalculatorTests" */;
			buildPhases = (
				5DED36B1190F6B270079B937 /* Sources */,
				5DED36B2190F6B270079B937 /* Frameworks */,
				5DED36B3190F6B270079B937 /* Resources */,
			);
			buildRules = (
			);
			dependencies = (
				5DED36BB190F6B270079B937 /* PBXTargetDependency */,
			);
			name = IpadCalculatorTests;
			productName = IpadCalculatorTests;
			productReference = 5DED36B5190F6B270079B937 /* IpadCalculatorTests.xctest */;
			productType = "com.apple.product-type.bundle.unit-test";
		};
/* End PBXNativeTarget section */

/* Begin PBXProject section */
		5DED368C190F6B270079B937 /* Project object */ = {
			isa = PBXProject;
			attributes = {
				LastUpgradeCheck = 0510;
				ORGANIZATIONNAME = "Jorge Valbuena";
				TargetAttributes = {
					5DED36B4190F6B270079B937 = {
						TestTargetID = 5DED3693190F6B270079B937;
					};
				};
			};
			buildConfigurationList = 5DED368F190F6B270079B937 /* Build configuration list for PBXProject "IpadCalculator" */;
			compatibilityVersion = "Xcode 3.2";
			developmentRegion = English;
			hasScannedForEncodings = 0;
			knownRegions = (
				en,
				Base,
			);
			mainGroup = 5DED368B190F6B270079B937;
			productRefGroup = 5DED3695190F6B270079B937 /* Products */;
			projectDirPath = "";
			projectRoot = "";
			targets = (
				5DED3693190F6B270079B937 /* IpadCalculator */,
				5DED36B4190F6B270079B937 /* IpadCalculatorTests */,
			);
		};
/* End PBXProject section */

/* Begin PBXResourcesBuildPhase section */
		5DED3692190F6B270079B937 /* Resources */ = {
			isa = PBXResourcesBuildPhase;
			buildActionMask = 2147483647;
			files = (
				5DED36B0190F6B270079B937 /* Images.xcassets in Resources */,
				5DED36CE190F79B20079B937 /* calculatorIpad.png in Resources */,
				5DED36A2190F6B270079B937 /* InfoPlist.strings in Resources */,
				5DED36AB190F6B270079B937 /* Main.storyboard in Resources */,
			);
			runOnlyForDeploymentPostprocessing = 0;
		};
		5DED36B3190F6B270079B937 /* Resources */ = {
			isa = PBXResourcesBuildPhase;
			buildActionMask = 2147483647;
			files = (
				5DED36C1190F6B270079B937 /* InfoPlist.strings in Resources */,
			);
			runOnlyForDeploymentPostprocessing = 0;
		};
/* End PBXResourcesBuildPhase section */

/* Begin PBXSourcesBuildPhase section */
		5DED3690190F6B270079B937 /* Sources */ = {
			isa = PBXSourcesBuildPhase;
			buildActionMask = 2147483647;
			files = (
				5DED36AE190F6B270079B937 /* ViewController.m in Sources */,
				5DED36A8190F6B270079B937 /* AppDelegate.m in Sources */,
				5DED36A4190F6B270079B937 /* main.m in Sources */,
			);
			runOnlyForDeploymentPostprocessing = 0;
		};
		5DED36B1190F6B270079B937 /* Sources */ = {
			isa = PBXSourcesBuildPhase;
			buildActionMask = 2147483647;
			files = (
				5DED36C3190F6B270079B937 /* IpadCalculatorTests.m in Sources */,
			);
			runOnlyForDeploymentPostprocessing = 0;
		};
/* End PBXSourcesBuildPhase section */

/* Begin PBXTargetDependency section */
		5DED36BB190F6B270079B937 /* PBXTargetDependency */ = {
			isa = PBXTargetDependency;
			target = 5DED3693190F6B270079B937 /* IpadCalculator */;
			targetProxy = 5DED36BA190F6B270079B937 /* PBXContainerItemProxy */;
		};
/* End PBXTargetDependency section */

/* Begin PBXVariantGroup section */
		5DED36A0190F6B270079B937 /* InfoPlist.strings */ = {
			isa = PBXVariantGroup;
			children = (
				5DED36A1190F6B270079B937 /* en */,
			);
			name = InfoPlist.strings;
			sourceTree = "<group>";
		};
		5DED36A9190F6B270079B937 /* Main.storyboard */ = {
			isa = PBXVariantGroup;
			children = (
				5DED36AA190F6B270079B937 /* Base */,
			);
			name = Main.storyboard;
			sourceTree = "<group>";
		};
		5DED36BF190F6B270079B937 /* InfoPlist.strings */ = {
			isa = PBXVariantGroup;
			children = (
				5DED36C0190F6B270079B937 /* en */,
			);
			name = InfoPlist.strings;
			sourceTree = "<group>";
		};
/* End PBXVariantGroup section */

/* Begin XCBuildConfiguration section */
		5DED36C4190F6B270079B937 /* Debug */ = {
			isa = XCBuildConfiguration;
			buildSettings = {
				ALWAYS_SEARCH_USER_PATHS = NO;
				CLANG_CXX_LANGUAGE_STANDARD = "gnu++0x";
				CLANG_CXX_LIBRARY = "libc++";
				CLANG_ENABLE_MODULES = YES;
				CLANG_ENABLE_OBJC_ARC = YES;
				CLANG_WARN_BOOL_CONVERSION = YES;
				CLANG_WARN_CONSTANT_CONVERSION = YES;
				CLANG_WARN_DIRECT_OBJC_ISA_USAGE = YES_ERROR;
				CLANG_WARN_EMPTY_BODY = YES;
				CLANG_WARN_ENUM_CONVERSION = YES;
				CLANG_WARN_INT_CONVERSION = YES;
				CLANG_WARN_OBJC_ROOT_CLASS = YES_ERROR;
				CLANG_WARN__DUPLICATE_METHOD_MATCH = YES;
				"CODE_SIGN_IDENTITY[sdk=iphoneos*]" = "iPhone Developer";
				COPY_PHASE_STRIP = NO;
				GCC_C_LANGUAGE_STANDARD = gnu99;
				GCC_DYNAMIC_NO_PIC = NO;
				GCC_OPTIMIZATION_LEVEL = 0;
				GCC_PREPROCESSOR_DEFINITIONS = (
					"DEBUG=1",
					"$(inherited)",
				);
				GCC_SYMBOLS_PRIVATE_EXTERN = NO;
				GCC_WARN_64_TO_32_BIT_CONVERSION = YES;
				GCC_WARN_ABOUT_RETURN_TYPE = YES_ERROR;
				GCC_WARN_UNDECLARED_SELECTOR = YES;
				GCC_WARN_UNINITIALIZED_AUTOS = YES_AGGRESSIVE;
				GCC_WARN_UNUSED_FUNCTION = YES;
				GCC_WARN_UNUSED_VARIABLE = YES;
				IPHONEOS_DEPLOYMENT_TARGET = 7.1;
				ONLY_ACTIVE_ARCH = YES;
				SDKROOT = iphoneos;
				TARGETED_DEVICE_FAMILY = 2;
			};
			name = Debug;
		};
		5DED36C5190F6B270079B937 /* Release */ = {
			isa = XCBuildConfiguration;
			buildSettings = {
				ALWAYS_SEARCH_USER_PATHS = NO;
				CLANG_CXX_LANGUAGE_STANDARD = "gnu++0x";
				CLANG_CXX_LIBRARY = "libc++";
				CLANG_ENABLE_MODULES = YES;
				CLANG_ENABLE_OBJC_ARC = YES;
				CLANG_WARN_BOOL_CONVERSION = YES;
				CLANG_WARN_CONSTANT_CONVERSION = YES;
				CLANG_WARN_DIRECT_OBJC_ISA_USAGE = YES_ERROR;
				CLANG_WARN_EMPTY_BODY = YES;
				CLANG_WARN_ENUM_CONVERSION = YES;
				CLANG_WARN_INT_CONVERSION = YES;
				CLANG_WARN_OBJC_ROOT_CLASS = YES_ERROR;
				CLANG_WARN__DUPLICATE_METHOD_MATCH = YES;
				"CODE_SIGN_IDENTITY[sdk=iphoneos*]" = "iPhone Developer";
				COPY_PHASE_STRIP = YES;
				ENABLE_NS_ASSERTIONS = NO;
				GCC_C_LANGUAGE_STANDARD = gnu99;
				GCC_WARN_64_TO_32_BIT_CONVERSION = YES;
				GCC_WARN_ABOUT_RETURN_TYPE = YES_ERROR;
				GCC_WARN_UNDECLARED_SELECTOR = YES;
				GCC_WARN_UNINITIALIZED_AUTOS = YES_AGGRESSIVE;
				GCC_WARN_UNUSED_FUNCTION = YES;
				GCC_WARN_UNUSED_VARIABLE = YES;
				IPHONEOS_DEPLOYMENT_TARGET = 7.1;
				SDKROOT = iphoneos;
				TARGETED_DEVICE_FAMILY = 2;
				VALIDATE_PRODUCT = YES;
			};
			name = Release;
		};
		5DED36C7190F6B270079B937 /* Debug */ = {
			isa = XCBuildConfiguration;
			buildSettings = {
				ASSETCATALOG_COMPILER_APPICON_NAME = AppIcon;
				ASSETCATALOG_COMPILER_LAUNCHIMAGE_NAME = LaunchImage;
				GCC_PRECOMPILE_PREFIX_HEADER = YES;
				GCC_PREFIX_HEADER = "IpadCalculator/IpadCalculator-Prefix.pch";
				INFOPLIST_FILE = "IpadCalculator/IpadCalculator-Info.plist";
				PRODUCT_NAME = "$(TARGET_NAME)";
				WRAPPER_EXTENSION = app;
			};
			name = Debug;
		};
		5DED36C8190F6B270079B937 /* Release */ = {
			isa = XCBuildConfiguration;
			buildSettings = {
				ASSETCATALOG_COMPILER_APPICON_NAME = AppIcon;
				ASSETCATALOG_COMPILER_LAUNCHIMAGE_NAME = LaunchImage;
				GCC_PRECOMPILE_PREFIX_HEADER = YES;
				GCC_PREFIX_HEADER = "IpadCalculator/IpadCalculator-Prefix.pch";
				INFOPLIST_FILE = "IpadCalculator/IpadCalculator-Info.plist";
				PRODUCT_NAME = "$(TARGET_NAME)";
				WRAPPER_EXTENSION = app;
			};
			name = Release;
		};
		5DED36CA190F6B270079B937 /* Debug */ = {
			isa = XCBuildConfiguration;
			buildSettings = {
				BUNDLE_LOADER = "$(BUILT_PRODUCTS_DIR)/IpadCalculator.app/IpadCalculator";
				FRAMEWORK_SEARCH_PATHS = (
					"$(SDKROOT)/Developer/Library/Frameworks",
					"$(inherited)",
					"$(DEVELOPER_FRAMEWORKS_DIR)",
				);
				GCC_PRECOMPILE_PREFIX_HEADER = YES;
				GCC_PREFIX_HEADER = "IpadCalculator/IpadCalculator-Prefix.pch";
				GCC_PREPROCESSOR_DEFINITIONS = (
					"DEBUG=1",
					"$(inherited)",
				);
				INFOPLIST_FILE = "IpadCalculatorTests/IpadCalculatorTests-Info.plist";
				PRODUCT_NAME = "$(TARGET_NAME)";
				TEST_HOST = "$(BUNDLE_LOADER)";
				WRAPPER_EXTENSION = xctest;
			};
			name = Debug;
		};
		5DED36CB190F6B270079B937 /* Release */ = {
			isa = XCBuildConfiguration;
			buildSettings = {
				BUNDLE_LOADER = "$(BUILT_PRODUCTS_DIR)/IpadCalculator.app/IpadCalculator";
				FRAMEWORK_SEARCH_PATHS = (
					"$(SDKROOT)/Developer/Library/Frameworks",
					"$(inherited)",
					"$(DEVELOPER_FRAMEWORKS_DIR)",
				);
				GCC_PRECOMPILE_PREFIX_HEADER = YES;
				GCC_PREFIX_HEADER = "IpadCalculator/IpadCalculator-Prefix.pch";
				INFOPLIST_FILE = "IpadCalculatorTests/IpadCalculatorTests-Info.plist";
				PRODUCT_NAME = "$(TARGET_NAME)";
				TEST_HOST = "$(BUNDLE_LOADER)";
				WRAPPER_EXTENSION = xctest;
			};
			name = Release;
		};
/* End XCBuildConfiguration section */

/* Begin XCConfigurationList section */
		5DED368F190F6B270079B937 /* Build configuration list for PBXProject "IpadCalculator" */ = {
			isa = XCConfigurationList;
			buildConfigurations = (
				5DED36C4190F6B270079B937 /* Debug */,
				5DED36C5190F6B270079B937 /* Release */,
			);
			defaultConfigurationIsVisible = 0;
			defaultConfigurationName = Release;
		};
		5DED36C6190F6B270079B937 /* Build configuration list for PBXNativeTarget "IpadCalculator" */ = {
			isa = XCConfigurationList;
			buildConfigurations = (
				5DED36C7190F6B270079B937 /* Debug */,
				5DED36C8190F6B270079B937 /* Release */,
			);
			defaultConfigurationIsVisible = 0;
		};
		5DED36C9190F6B270079B937 /* Build configuration list for PBXNativeTarget "IpadCalculatorTests" */ = {
			isa = XCConfigurationList;
			buildConfigurations = (
				5DED36CA190F6B270079B937 /* Debug */,
				5DED36CB190F6B270079B937 /* Release */,
			);
			defaultConfigurationIsVisible = 0;
		};
/* End XCConfigurationList section */
	};
	rootObject = 5DED368C190F6B270079B937 /* Project object */;
}
